
Microsoft Visual Studio Solution File, Format Version 12.00
Project("{FAE04EC0-301F-11D3-BF4B-00C04F79EFBC}") = "OmegaLeo.HelperLib", "OmegaLeo.HelperLib\OmegaLeo.HelperLib.csproj", "{A7256931-5D66-46FA-BA50-22B2FA4CD9E9}"
EndProject
Project("{FAE04EC0-301F-11D3-BF4B-00C04F79EFBC}") = "OmegaLeo.HelperLib.Git", "OmegaLeo.HelperLib.Git\OmegaLeo.HelperLib.Git.csproj", "{A9579FFB-9A05-4EBF-B298-513C48FB0F91}"
EndProject
Project("{FAE04EC0-301F-11D3-BF4B-00C04F79EFBC}") = "OmegaLeo.HelperLib.ConsoleApp", "OmegaLeo.HelperLib.ConsoleApp\OmegaLeo.HelperLib.ConsoleApp.csproj", "{3B77B177-FD47-470A-B0EF-01EF8B30CE09}"
EndProject
Project("{FAE04EC0-301F-11D3-BF4B-00C04F79EFBC}") = "OmegaLeo.HelperLib.Changelog", "OmegaLeo.HelperLib.Changelog\OmegaLeo.HelperLib.Changelog.csproj", "{378D8125-66B5-42B8-9881-33F951E5E04A}"
EndProject
Project("{FAE04EC0-301F-11D3-BF4B-00C04F79EFBC}") = "OmegaLeo.HelperLib.ChangelogHandler", "OmegaLeo.HelperLib.ChangelogHandler\OmegaLeo.HelperLib.ChangelogHandler.csproj", "{359536F7-02DE-43E9-A383-D83853227B0F}"
EndProject
Project("{FAE04EC0-301F-11D3-BF4B-00C04F79EFBC}") = "OmegaLeo.HelperLib.Web", "OmegaLeo.HelperLib.Web\OmegaLeo.HelperLib.Web.csproj", "{1EA64C6B-D5D2-47EB-8255-5BAE2EE1385A}"
EndProject
Project("{FAE04EC0-301F-11D3-BF4B-00C04F79EFBC}") = "OmegaLeo.HelperLib.Game", "OmegaLeo.HelperLib.Game\OmegaLeo.HelperLib.Game.csproj", "{488BC3EA-9B7A-4251-B802-22EB098D6494}"
EndProject
Project("{2150E333-8FDC-42A3-9474-1A3956D46DE8}") = "SolutionFiles", "SolutionFiles", "{00CF0543-37F3-41DE-B78F-8ADA6DE796ED}"
	ProjectSection(SolutionItems) = preProject
		README.md = README.md
		CODE_OF_CONDUCT.md = CODE_OF_CONDUCT.md
		CONTRIBUTING.md = CONTRIBUTING.md
		LICENSE = LICENSE
	EndProjectSection
EndProject
Project("{2150E333-8FDC-42A3-9474-1A3956D46DE8}") = "actions", "actions", "{750F2E9A-2703-4732-98D7-29C658368E48}"
	ProjectSection(SolutionItems) = preProject
		.github\workflows\changelog.yml = .github\workflows\changelog.yml
		.github\workflows\dotnet.yml = .github\workflows\dotnet.yml
		.github\workflows\nuget-publish.yml = .github\workflows\nuget-publish.yml
		.github\workflows\github-publish.yml = .github\workflows\github-publish.yml
	EndProjectSection
EndProject
Project("{FAE04EC0-301F-11D3-BF4B-00C04F79EFBC}") = "OmegaLeo.HelperLib.Documentation", "OmegaLeo.HelperLib.Documentation\OmegaLeo.HelperLib.Documentation.csproj", "{AE69480D-5956-46CB-9028-E4723735E37E}"
EndProject
Project("{FAE04EC0-301F-11D3-BF4B-00C04F79EFBC}") = "OmegaLeo.HelperLib.Shared", "OmegaLeo.HelperLib.Shared\OmegaLeo.HelperLib.Shared.csproj", "{FE6CA992-8BEB-41DD-A8E4-60FCEF96C59A}"
EndProject
Project("{FAE04EC0-301F-11D3-BF4B-00C04F79EFBC}") = "OmegaLeo.HelperLib.XmlDocGenerator", "OmegaLeo.HelperLib.XmlDocGenerator\OmegaLeo.HelperLib.XmlDocGenerator.csproj", "{1BB073B8-F03B-4F9A-A526-F38CB3800AA5}"
EndProject
Project("{FAE04EC0-301F-11D3-BF4B-00C04F79EFBC}") = "OmegaLeo.HelperLib.Tests", "OmegaLeo.HelperLib.Tests\OmegaLeo.HelperLib.Tests.csproj", "{55C4F738-3B98-42D6-BCD2-6A9D6E0FC07D}"
EndProject
Global
	GlobalSection(SolutionConfigurationPlatforms) = preSolution
		Debug|Any CPU = Debug|Any CPU
		Debug|x64 = Debug|x64
		Debug|x86 = Debug|x86
		Release|Any CPU = Release|Any CPU
		Release|x64 = Release|x64
		Release|x86 = Release|x86
	EndGlobalSection
	GlobalSection(ProjectConfigurationPlatforms) = postSolution
		{A7256931-5D66-46FA-BA50-22B2FA4CD9E9}.Debug|Any CPU.ActiveCfg = Debug|Any CPU
		{A7256931-5D66-46FA-BA50-22B2FA4CD9E9}.Debug|Any CPU.Build.0 = Debug|Any CPU
		{A7256931-5D66-46FA-BA50-22B2FA4CD9E9}.Debug|x64.ActiveCfg = Debug|Any CPU
		{A7256931-5D66-46FA-BA50-22B2FA4CD9E9}.Debug|x64.Build.0 = Debug|Any CPU
		{A7256931-5D66-46FA-BA50-22B2FA4CD9E9}.Debug|x86.ActiveCfg = Debug|Any CPU
		{A7256931-5D66-46FA-BA50-22B2FA4CD9E9}.Debug|x86.Build.0 = Debug|Any CPU
		{A7256931-5D66-46FA-BA50-22B2FA4CD9E9}.Release|Any CPU.ActiveCfg = Release|Any CPU
		{A7256931-5D66-46FA-BA50-22B2FA4CD9E9}.Release|Any CPU.Build.0 = Release|Any CPU
		{A7256931-5D66-46FA-BA50-22B2FA4CD9E9}.Release|x64.ActiveCfg = Release|Any CPU
		{A7256931-5D66-46FA-BA50-22B2FA4CD9E9}.Release|x64.Build.0 = Release|Any CPU
		{A7256931-5D66-46FA-BA50-22B2FA4CD9E9}.Release|x86.ActiveCfg = Release|Any CPU
		{A7256931-5D66-46FA-BA50-22B2FA4CD9E9}.Release|x86.Build.0 = Release|Any CPU
		{A9579FFB-9A05-4EBF-B298-513C48FB0F91}.Debug|Any CPU.ActiveCfg = Debug|Any CPU
		{A9579FFB-9A05-4EBF-B298-513C48FB0F91}.Debug|Any CPU.Build.0 = Debug|Any CPU
		{A9579FFB-9A05-4EBF-B298-513C48FB0F91}.Debug|x64.ActiveCfg = Debug|Any CPU
		{A9579FFB-9A05-4EBF-B298-513C48FB0F91}.Debug|x64.Build.0 = Debug|Any CPU
		{A9579FFB-9A05-4EBF-B298-513C48FB0F91}.Debug|x86.ActiveCfg = Debug|Any CPU
		{A9579FFB-9A05-4EBF-B298-513C48FB0F91}.Debug|x86.Build.0 = Debug|Any CPU
		{A9579FFB-9A05-4EBF-B298-513C48FB0F91}.Release|Any CPU.ActiveCfg = Release|Any CPU
		{A9579FFB-9A05-4EBF-B298-513C48FB0F91}.Release|Any CPU.Build.0 = Release|Any CPU
		{A9579FFB-9A05-4EBF-B298-513C48FB0F91}.Release|x64.ActiveCfg = Release|Any CPU
		{A9579FFB-9A05-4EBF-B298-513C48FB0F91}.Release|x64.Build.0 = Release|Any CPU
		{A9579FFB-9A05-4EBF-B298-513C48FB0F91}.Release|x86.ActiveCfg = Release|Any CPU
		{A9579FFB-9A05-4EBF-B298-513C48FB0F91}.Release|x86.Build.0 = Release|Any CPU
		{3B77B177-FD47-470A-B0EF-01EF8B30CE09}.Debug|Any CPU.ActiveCfg = Debug|Any CPU
		{3B77B177-FD47-470A-B0EF-01EF8B30CE09}.Debug|Any CPU.Build.0 = Debug|Any CPU
		{3B77B177-FD47-470A-B0EF-01EF8B30CE09}.Debug|x64.ActiveCfg = Debug|Any CPU
		{3B77B177-FD47-470A-B0EF-01EF8B30CE09}.Debug|x64.Build.0 = Debug|Any CPU
		{3B77B177-FD47-470A-B0EF-01EF8B30CE09}.Debug|x86.ActiveCfg = Debug|Any CPU
		{3B77B177-FD47-470A-B0EF-01EF8B30CE09}.Debug|x86.Build.0 = Debug|Any CPU
		{3B77B177-FD47-470A-B0EF-01EF8B30CE09}.Release|Any CPU.ActiveCfg = Release|Any CPU
		{3B77B177-FD47-470A-B0EF-01EF8B30CE09}.Release|Any CPU.Build.0 = Release|Any CPU
		{3B77B177-FD47-470A-B0EF-01EF8B30CE09}.Release|x64.ActiveCfg = Release|Any CPU
		{3B77B177-FD47-470A-B0EF-01EF8B30CE09}.Release|x64.Build.0 = Release|Any CPU
		{3B77B177-FD47-470A-B0EF-01EF8B30CE09}.Release|x86.ActiveCfg = Release|Any CPU
		{3B77B177-FD47-470A-B0EF-01EF8B30CE09}.Release|x86.Build.0 = Release|Any CPU
		{378D8125-66B5-42B8-9881-33F951E5E04A}.Debug|Any CPU.ActiveCfg = Debug|Any CPU
		{378D8125-66B5-42B8-9881-33F951E5E04A}.Debug|Any CPU.Build.0 = Debug|Any CPU
		{378D8125-66B5-42B8-9881-33F951E5E04A}.Debug|x64.ActiveCfg = Debug|Any CPU
		{378D8125-66B5-42B8-9881-33F951E5E04A}.Debug|x64.Build.0 = Debug|Any CPU
		{378D8125-66B5-42B8-9881-33F951E5E04A}.Debug|x86.ActiveCfg = Debug|Any CPU
		{378D8125-66B5-42B8-9881-33F951E5E04A}.Debug|x86.Build.0 = Debug|Any CPU
		{378D8125-66B5-42B8-9881-33F951E5E04A}.Release|Any CPU.ActiveCfg = Release|Any CPU
		{378D8125-66B5-42B8-9881-33F951E5E04A}.Release|Any CPU.Build.0 = Release|Any CPU
		{378D8125-66B5-42B8-9881-33F951E5E04A}.Release|x64.ActiveCfg = Release|Any CPU
		{378D8125-66B5-42B8-9881-33F951E5E04A}.Release|x64.Build.0 = Release|Any CPU
		{378D8125-66B5-42B8-9881-33F951E5E04A}.Release|x86.ActiveCfg = Release|Any CPU
		{378D8125-66B5-42B8-9881-33F951E5E04A}.Release|x86.Build.0 = Release|Any CPU
		{359536F7-02DE-43E9-A383-D83853227B0F}.Debug|Any CPU.ActiveCfg = Debug|Any CPU
		{359536F7-02DE-43E9-A383-D83853227B0F}.Debug|Any CPU.Build.0 = Debug|Any CPU
		{359536F7-02DE-43E9-A383-D83853227B0F}.Debug|x64.ActiveCfg = Debug|Any CPU
		{359536F7-02DE-43E9-A383-D83853227B0F}.Debug|x64.Build.0 = Debug|Any CPU
		{359536F7-02DE-43E9-A383-D83853227B0F}.Debug|x86.ActiveCfg = Debug|Any CPU
		{359536F7-02DE-43E9-A383-D83853227B0F}.Debug|x86.Build.0 = Debug|Any CPU
		{359536F7-02DE-43E9-A383-D83853227B0F}.Release|Any CPU.ActiveCfg = Release|Any CPU
		{359536F7-02DE-43E9-A383-D83853227B0F}.Release|Any CPU.Build.0 = Release|Any CPU
		{359536F7-02DE-43E9-A383-D83853227B0F}.Release|x64.ActiveCfg = Release|Any CPU
		{359536F7-02DE-43E9-A383-D83853227B0F}.Release|x64.Build.0 = Release|Any CPU
		{359536F7-02DE-43E9-A383-D83853227B0F}.Release|x86.ActiveCfg = Release|Any CPU
		{359536F7-02DE-43E9-A383-D83853227B0F}.Release|x86.Build.0 = Release|Any CPU
		{1EA64C6B-D5D2-47EB-8255-5BAE2EE1385A}.Debug|Any CPU.ActiveCfg = Debug|Any CPU
		{1EA64C6B-D5D2-47EB-8255-5BAE2EE1385A}.Debug|Any CPU.Build.0 = Debug|Any CPU
		{1EA64C6B-D5D2-47EB-8255-5BAE2EE1385A}.Debug|x64.ActiveCfg = Debug|Any CPU
		{1EA64C6B-D5D2-47EB-8255-5BAE2EE1385A}.Debug|x64.Build.0 = Debug|Any CPU
		{1EA64C6B-D5D2-47EB-8255-5BAE2EE1385A}.Debug|x86.ActiveCfg = Debug|Any CPU
		{1EA64C6B-D5D2-47EB-8255-5BAE2EE1385A}.Debug|x86.Build.0 = Debug|Any CPU
		{1EA64C6B-D5D2-47EB-8255-5BAE2EE1385A}.Release|Any CPU.ActiveCfg = Release|Any CPU
		{1EA64C6B-D5D2-47EB-8255-5BAE2EE1385A}.Release|Any CPU.Build.0 = Release|Any CPU
		{1EA64C6B-D5D2-47EB-8255-5BAE2EE1385A}.Release|x64.ActiveCfg = Release|Any CPU
		{1EA64C6B-D5D2-47EB-8255-5BAE2EE1385A}.Release|x64.Build.0 = Release|Any CPU
		{1EA64C6B-D5D2-47EB-8255-5BAE2EE1385A}.Release|x86.ActiveCfg = Release|Any CPU
		{1EA64C6B-D5D2-47EB-8255-5BAE2EE1385A}.Release|x86.Build.0 = Release|Any CPU
		{488BC3EA-9B7A-4251-B802-22EB098D6494}.Debug|Any CPU.ActiveCfg = Debug|Any CPU
		{488BC3EA-9B7A-4251-B802-22EB098D6494}.Debug|Any CPU.Build.0 = Debug|Any CPU
		{488BC3EA-9B7A-4251-B802-22EB098D6494}.Debug|x64.ActiveCfg = Debug|Any CPU
		{488BC3EA-9B7A-4251-B802-22EB098D6494}.Debug|x64.Build.0 = Debug|Any CPU
		{488BC3EA-9B7A-4251-B802-22EB098D6494}.Debug|x86.ActiveCfg = Debug|Any CPU
		{488BC3EA-9B7A-4251-B802-22EB098D6494}.Debug|x86.Build.0 = Debug|Any CPU
		{488BC3EA-9B7A-4251-B802-22EB098D6494}.Release|Any CPU.ActiveCfg = Release|Any CPU
		{488BC3EA-9B7A-4251-B802-22EB098D6494}.Release|Any CPU.Build.0 = Release|Any CPU
		{488BC3EA-9B7A-4251-B802-22EB098D6494}.Release|x64.ActiveCfg = Release|Any CPU
		{488BC3EA-9B7A-4251-B802-22EB098D6494}.Release|x64.Build.0 = Release|Any CPU
		{488BC3EA-9B7A-4251-B802-22EB098D6494}.Release|x86.ActiveCfg = Release|Any CPU
		{488BC3EA-9B7A-4251-B802-22EB098D6494}.Release|x86.Build.0 = Release|Any CPU
		{AE69480D-5956-46CB-9028-E4723735E37E}.Debug|Any CPU.ActiveCfg = Debug|Any CPU
		{AE69480D-5956-46CB-9028-E4723735E37E}.Debug|Any CPU.Build.0 = Debug|Any CPU
		{AE69480D-5956-46CB-9028-E4723735E37E}.Debug|x64.ActiveCfg = Debug|Any CPU
		{AE69480D-5956-46CB-9028-E4723735E37E}.Debug|x64.Build.0 = Debug|Any CPU
		{AE69480D-5956-46CB-9028-E4723735E37E}.Debug|x86.ActiveCfg = Debug|Any CPU
		{AE69480D-5956-46CB-9028-E4723735E37E}.Debug|x86.Build.0 = Debug|Any CPU
		{AE69480D-5956-46CB-9028-E4723735E37E}.Release|Any CPU.ActiveCfg = Release|Any CPU
		{AE69480D-5956-46CB-9028-E4723735E37E}.Release|Any CPU.Build.0 = Release|Any CPU
		{AE69480D-5956-46CB-9028-E4723735E37E}.Release|x64.ActiveCfg = Release|Any CPU
		{AE69480D-5956-46CB-9028-E4723735E37E}.Release|x64.Build.0 = Release|Any CPU
		{AE69480D-5956-46CB-9028-E4723735E37E}.Release|x86.ActiveCfg = Release|Any CPU
		{AE69480D-5956-46CB-9028-E4723735E37E}.Release|x86.Build.0 = Release|Any CPU
		{FE6CA992-8BEB-41DD-A8E4-60FCEF96C59A}.Debug|Any CPU.ActiveCfg = Debug|Any CPU
		{FE6CA992-8BEB-41DD-A8E4-60FCEF96C59A}.Debug|Any CPU.Build.0 = Debug|Any CPU
		{FE6CA992-8BEB-41DD-A8E4-60FCEF96C59A}.Debug|x64.ActiveCfg = Debug|Any CPU
		{FE6CA992-8BEB-41DD-A8E4-60FCEF96C59A}.Debug|x64.Build.0 = Debug|Any CPU
		{FE6CA992-8BEB-41DD-A8E4-60FCEF96C59A}.Debug|x86.ActiveCfg = Debug|Any CPU
		{FE6CA992-8BEB-41DD-A8E4-60FCEF96C59A}.Debug|x86.Build.0 = Debug|Any CPU
		{FE6CA992-8BEB-41DD-A8E4-60FCEF96C59A}.Release|Any CPU.ActiveCfg = Release|Any CPU
		{FE6CA992-8BEB-41DD-A8E4-60FCEF96C59A}.Release|Any CPU.Build.0 = Release|Any CPU
		{FE6CA992-8BEB-41DD-A8E4-60FCEF96C59A}.Release|x64.ActiveCfg = Release|Any CPU
		{FE6CA992-8BEB-41DD-A8E4-60FCEF96C59A}.Release|x64.Build.0 = Release|Any CPU
		{FE6CA992-8BEB-41DD-A8E4-60FCEF96C59A}.Release|x86.ActiveCfg = Release|Any CPU
		{FE6CA992-8BEB-41DD-A8E4-60FCEF96C59A}.Release|x86.Build.0 = Release|Any CPU
		{1BB073B8-F03B-4F9A-A526-F38CB3800AA5}.Debug|Any CPU.ActiveCfg = Debug|Any CPU
		{1BB073B8-F03B-4F9A-A526-F38CB3800AA5}.Debug|Any CPU.Build.0 = Debug|Any CPU
		{1BB073B8-F03B-4F9A-A526-F38CB3800AA5}.Debug|x64.ActiveCfg = Debug|Any CPU
		{1BB073B8-F03B-4F9A-A526-F38CB3800AA5}.Debug|x64.Build.0 = Debug|Any CPU
		{1BB073B8-F03B-4F9A-A526-F38CB3800AA5}.Debug|x86.ActiveCfg = Debug|Any CPU
		{1BB073B8-F03B-4F9A-A526-F38CB3800AA5}.Debug|x86.Build.0 = Debug|Any CPU
		{1BB073B8-F03B-4F9A-A526-F38CB3800AA5}.Release|Any CPU.ActiveCfg = Release|Any CPU
		{1BB073B8-F03B-4F9A-A526-F38CB3800AA5}.Release|Any CPU.Build.0 = Release|Any CPU
		{1BB073B8-F03B-4F9A-A526-F38CB3800AA5}.Release|x64.ActiveCfg = Release|Any CPU
		{1BB073B8-F03B-4F9A-A526-F38CB3800AA5}.Release|x64.Build.0 = Release|Any CPU
		{1BB073B8-F03B-4F9A-A526-F38CB3800AA5}.Release|x86.ActiveCfg = Release|Any CPU
		{1BB073B8-F03B-4F9A-A526-F38CB3800AA5}.Release|x86.Build.0 = Release|Any CPU
		{55C4F738-3B98-42D6-BCD2-6A9D6E0FC07D}.Debug|Any CPU.ActiveCfg = Debug|Any CPU
		{55C4F738-3B98-42D6-BCD2-6A9D6E0FC07D}.Debug|Any CPU.Build.0 = Debug|Any CPU
		{55C4F738-3B98-42D6-BCD2-6A9D6E0FC07D}.Debug|x64.ActiveCfg = Debug|Any CPU
		{55C4F738-3B98-42D6-BCD2-6A9D6E0FC07D}.Debug|x64.Build.0 = Debug|Any CPU
		{55C4F738-3B98-42D6-BCD2-6A9D6E0FC07D}.Debug|x86.ActiveCfg = Debug|Any CPU
		{55C4F738-3B98-42D6-BCD2-6A9D6E0FC07D}.Debug|x86.Build.0 = Debug|Any CPU
		{55C4F738-3B98-42D6-BCD2-6A9D6E0FC07D}.Release|Any CPU.ActiveCfg = Release|Any CPU
		{55C4F738-3B98-42D6-BCD2-6A9D6E0FC07D}.Release|Any CPU.Build.0 = Release|Any CPU
		{55C4F738-3B98-42D6-BCD2-6A9D6E0FC07D}.Release|x64.ActiveCfg = Release|Any CPU
		{55C4F738-3B98-42D6-BCD2-6A9D6E0FC07D}.Release|x64.Build.0 = Release|Any CPU
		{55C4F738-3B98-42D6-BCD2-6A9D6E0FC07D}.Release|x86.ActiveCfg = Release|Any CPU
		{55C4F738-3B98-42D6-BCD2-6A9D6E0FC07D}.Release|x86.Build.0 = Release|Any CPU
	EndGlobalSection
	GlobalSection(SolutionProperties) = preSolution
		HideSolutionNode = FALSE
	EndGlobalSection
	GlobalSection(NestedProjects) = preSolution
		{750F2E9A-2703-4732-98D7-29C658368E48} = {00CF0543-37F3-41DE-B78F-8ADA6DE796ED}
	EndGlobalSection
EndGlobal
